
Microsoft Visual Studio Solution File, Format Version 12.00
# Visual Studio Express 2012 for Windows Desktop
Project("{FAE04EC0-301F-11D3-BF4B-00C04F79EFBC}") = "Sudoku", "Sudoku\Sudoku.csproj", "{0F7DF1FE-58E4-485F-99B6-62A849114298}"
EndProject
Global
	GlobalSection(SolutionConfigurationPlatforms) = preSolution
		Debug|Any CPU = Debug|Any CPU
		Release|Any CPU = Release|Any CPU
	EndGlobalSection
	GlobalSection(ProjectConfigurationPlatforms) = postSolution
		{0F7DF1FE-58E4-485F-99B6-62A849114298}.Debug|Any CPU.ActiveCfg = Debug|Any CPU
		{0F7DF1FE-58E4-485F-99B6-62A849114298}.Debug|Any CPU.Build.0 = Debug|Any CPU
		{0F7DF1FE-58E4-485F-99B6-62A849114298}.Release|Any CPU.ActiveCfg = Release|Any CPU
		{0F7DF1FE-58E4-485F-99B6-62A849114298}.Release|Any CPU.Build.0 = Release|Any CPU
	EndGlobalSection
	GlobalSection(SolutionProperties) = preSolution
		HideSolutionNode = FALSE
	EndGlobalSection
EndGlobal
